<?xml version="1.0" encoding="utf-8"?>
<Project ToolsVersion="4.0" xmlns="http://schemas.microsoft.com/developer/msbuild/2003">
  <ItemGroup>
    <Filter Include="Quelldateien">
      <UniqueIdentifier>{4FC737F1-C7A5-4376-A066-2A32D752A2FF}</UniqueIdentifier>
      <Extensions>cpp;c;cc;cxx;def;odl;idl;hpj;bat;asm;asmx</Extensions>
    </Filter>
    <Filter Include="Headerdateien">
      <UniqueIdentifier>{93995380-89BD-4b04-88EB-625FBE52EBFB}</UniqueIdentifier>
      <Extensions>h;hpp;hxx;hm;inl;inc;xsd</Extensions>
    </Filter>
    <Filter Include="Ressourcendateien">
      <UniqueIdentifier>{67DA6AB6-F800-4c08-8B7A-83BB121AAD01}</UniqueIdentifier>
      <Extensions>rc;ico;cur;bmp;dlg;rc2;rct;bin;rgs;gif;jpg;jpeg;jpe;resx;tiff;tif;png;wav;mfcribbon-ms</Extensions>
    </Filter>
    <Filter Include="tests">
      <UniqueIdentifier>{a005dbf8-6dac-4ff0-8ce3-dfc18070b77a}</UniqueIdentifier>
    </Filter>
  </ItemGroup>
  <ItemGroup>
    <ClCompile Include="TestSuite.cpp">
      <Filter>Quelldateien</Filter>
    </ClCompile>
    <ClCompile Include="tests\TUnit_BALKE2.cpp">
      <Filter>tests</Filter>
    </ClCompile>
    <ClCompile Include="tests\TUnit_Base58_Decode.cpp">
      <Filter>tests</Filter>
    </ClCompile>
    <ClCompile Include="tests\TUnit_Base58_Encode.cpp">
      <Filter>tests</Filter>
    </ClCompile>
    <ClCompile Include="tests\TUnit_Base64.cpp">
      <Filter>tests</Filter>
    </ClCompile>
    <ClCompile Include="tests\TUnit_Private_Key.cpp">
      <Filter>tests</Filter>
    </ClCompile>
    <ClCompile Include="tests\TUnit_Public_Key.cpp">
      <Filter>tests</Filter>
    </ClCompile>
    <ClCompile Include="tests\TUnit_DecryptFile_Tux.cpp">
      <Filter>tests</Filter>
    </ClCompile>
    <ClCompile Include="tests\TUnit_DecryptFile_random_10MB.cpp">
      <Filter>tests</Filter>
    </ClCompile>
    <ClCompile Include="tests\TUnit_DecryptFile_random_31415KB.cpp">
      <Filter>tests</Filter>
    </ClCompile>
    <ClCompile Include="tests\TUnit_DecryptFile_Two_Recipients.cpp">
      <Filter>tests</Filter>
    </ClCompile>
    <ClCompile Include="tests\TUnit_EncryptFile_random_10MB.cpp">
      <Filter>tests</Filter>
    </ClCompile>
    <ClCompile Include="tests\TUnit_EncryptFile_random_31415KB.cpp">
      <Filter>tests</Filter>
    </ClCompile>
    <ClCompile Include="tests\TUnit_EncryptFile_Two_Recipients.cpp">
      <Filter>tests</Filter>
    </ClCompile>
    <ClCompile Include="tests\TUnit_Generate_IdentificationNumber.cpp">
      <Filter>tests</Filter>
    </ClCompile>
    <ClCompile Include="tests\TUnit_Calculate_Bit_Entropy.cpp">
      <Filter>tests</Filter>
    </ClCompile>
    <ClCompile Include="tests\TUnit_Uninitialized_State.cpp">
      <Filter>tests</Filter>
    </ClCompile>
    <ClCompile Include="tests\TUnit_EncryptFile_Benchmark.cpp">
      <Filter>tests</Filter>
    </ClCompile>
  </ItemGroup>
  <ItemGroup>
    <ClInclude Include="..\..\uCryptLib\uCryptLib\uCryptLib.h">
      <Filter>Headerdateien</Filter>
    </ClInclude>
  </ItemGroup>
</Project>