
Microsoft Visual Studio Solution File, Format Version 11.00
# Visual Studio 2010
Project("{8BC9CEB8-8B4A-11D0-8D11-00A0C91BC942}") = "uCryptLib", "uCryptLib\uCryptLib\uCryptLib.vcxproj", "{EE6340C2-CCDF-4B9D-A048-DF9103959A03}"
EndProject
Project("{8BC9CEB8-8B4A-11D0-8D11-00A0C91BC942}") = "uCryptLibTest", "uCryptLibTest\uCryptLibTest\uCryptLibTest.vcxproj", "{0B0E2B93-B078-407F-A4EC-42D666D24273}"
	ProjectSection(ProjectDependencies) = postProject
		{EE6340C2-CCDF-4B9D-A048-DF9103959A03} = {EE6340C2-CCDF-4B9D-A048-DF9103959A03}
	EndProjectSection
EndProject
Global
	GlobalSection(SolutionConfigurationPlatforms) = preSolution
		Debug|Win32 = Debug|Win32
		Release|Win32 = Release|Win32
	EndGlobalSection
	GlobalSection(ProjectConfigurationPlatforms) = postSolution
		{EE6340C2-CCDF-4B9D-A048-DF9103959A03}.Debug|Win32.ActiveCfg = Debug|Win32
		{EE6340C2-CCDF-4B9D-A048-DF9103959A03}.Debug|Win32.Build.0 = Debug|Win32
		{EE6340C2-CCDF-4B9D-A048-DF9103959A03}.Release|Win32.ActiveCfg = Release|Win32
		{EE6340C2-CCDF-4B9D-A048-DF9103959A03}.Release|Win32.Build.0 = Release|Win32
		{0B0E2B93-B078-407F-A4EC-42D666D24273}.Debug|Win32.ActiveCfg = Debug|Win32
		{0B0E2B93-B078-407F-A4EC-42D666D24273}.Debug|Win32.Build.0 = Debug|Win32
		{0B0E2B93-B078-407F-A4EC-42D666D24273}.Release|Win32.ActiveCfg = Release|Win32
		{0B0E2B93-B078-407F-A4EC-42D666D24273}.Release|Win32.Build.0 = Release|Win32
	EndGlobalSection
	GlobalSection(SolutionProperties) = preSolution
		HideSolutionNode = FALSE
	EndGlobalSection
EndGlobal
